
Microsoft Visual Studio Solution File, Format Version 12.00
# Visual Studio 15
Project("{FAE04EC0-301F-11D3-BF4B-00C04F79EFBC}") = "Assembly-CSharp-firstpass", "Assembly-CSharp-firstpass.csproj", "{B357D87E-C68B-9646-79D3-533E84714C42}"
EndProject
Project("{FAE04EC0-301F-11D3-BF4B-00C04F79EFBC}") = "Assembly-CSharp-Editor-firstpass", "Assembly-CSharp-Editor-firstpass.csproj", "{A3371048-5CBA-5803-2158-B84EDDE46DA9}"
EndProject
Global
	GlobalSection(SolutionConfigurationPlatforms) = preSolution
		Debug|Any CPU = Debug|Any CPU
		Release|Any CPU = Release|Any CPU
	EndGlobalSection
	GlobalSection(ProjectConfigurationPlatforms) = postSolution
		{B357D87E-C68B-9646-79D3-533E84714C42}.Debug|Any CPU.ActiveCfg = Debug|Any CPU
		{B357D87E-C68B-9646-79D3-533E84714C42}.Debug|Any CPU.Build.0 = Debug|Any CPU
		{B357D87E-C68B-9646-79D3-533E84714C42}.Release|Any CPU.ActiveCfg = Release|Any CPU
		{B357D87E-C68B-9646-79D3-533E84714C42}.Release|Any CPU.Build.0 = Release|Any CPU
		{A3371048-5CBA-5803-2158-B84EDDE46DA9}.Debug|Any CPU.ActiveCfg = Debug|Any CPU
		{A3371048-5CBA-5803-2158-B84EDDE46DA9}.Debug|Any CPU.Build.0 = Debug|Any CPU
		{A3371048-5CBA-5803-2158-B84EDDE46DA9}.Release|Any CPU.ActiveCfg = Release|Any CPU
		{A3371048-5CBA-5803-2158-B84EDDE46DA9}.Release|Any CPU.Build.0 = Release|Any CPU
	EndGlobalSection
	GlobalSection(SolutionProperties) = preSolution
		HideSolutionNode = FALSE
	EndGlobalSection
EndGlobal
